
Microsoft Visual Studio Solution File, Format Version 12.00
# Visual Studio Version 16
VisualStudioVersion = 16.0.30523.141
MinimumVisualStudioVersion = 10.0.40219.1
Project("{FAE04EC0-301F-11D3-BF4B-00C04F79EFBC}") = "Beachcampp", "Beachcampp\Beachcampp.csproj", "{2C397576-2D2C-41F3-AFDE-591932EE3108}"
EndProject
Global
	GlobalSection(SolutionConfigurationPlatforms) = preSolution
		Debug|Any CPU = Debug|Any CPU
		Release|Any CPU = Release|Any CPU
	EndGlobalSection
	GlobalSection(ProjectConfigurationPlatforms) = postSolution
		{2C397576-2D2C-41F3-AFDE-591932EE3108}.Debug|Any CPU.ActiveCfg = Debug|Any CPU
		{2C397576-2D2C-41F3-AFDE-591932EE3108}.Debug|Any CPU.Build.0 = Debug|Any CPU
		{2C397576-2D2C-41F3-AFDE-591932EE3108}.Release|Any CPU.ActiveCfg = Release|Any CPU
		{2C397576-2D2C-41F3-AFDE-591932EE3108}.Release|Any CPU.Build.0 = Release|Any CPU
	EndGlobalSection
	GlobalSection(SolutionProperties) = preSolution
		HideSolutionNode = FALSE
	EndGlobalSection
	GlobalSection(ExtensibilityGlobals) = postSolution
		SolutionGuid = {5229B3DB-FA61-4E28-B696-9B0F65CB4898}
	EndGlobalSection
EndGlobal
